
Microsoft Visual Studio Solution File, Format Version 12.00
# Visual Studio Version 17
VisualStudioVersion = 17.6.33717.318
MinimumVisualStudioVersion = 10.0.40219.1
Project("{FAE04EC0-301F-11D3-BF4B-00C04F79EFBC}") = "Identity.Core", "Identity.Core\Identity.Core.csproj", "{24BC961D-D167-433B-9BEF-6BF4537CBF2E}"
EndProject
Project("{FAE04EC0-301F-11D3-BF4B-00C04F79EFBC}") = "Identity.Api", "Identity.Api\Identity.Api.csproj", "{39E0E7D2-122B-47EC-9C72-BA222C0A2517}"
EndProject
Global
	GlobalSection(SolutionConfigurationPlatforms) = preSolution
		Debug|Any CPU = Debug|Any CPU
		Release|Any CPU = Release|Any CPU
	EndGlobalSection
	GlobalSection(ProjectConfigurationPlatforms) = postSolution
		{24BC961D-D167-433B-9BEF-6BF4537CBF2E}.Debug|Any CPU.ActiveCfg = Debug|Any CPU
		{24BC961D-D167-433B-9BEF-6BF4537CBF2E}.Debug|Any CPU.Build.0 = Debug|Any CPU
		{24BC961D-D167-433B-9BEF-6BF4537CBF2E}.Release|Any CPU.ActiveCfg = Release|Any CPU
		{24BC961D-D167-433B-9BEF-6BF4537CBF2E}.Release|Any CPU.Build.0 = Release|Any CPU
		{39E0E7D2-122B-47EC-9C72-BA222C0A2517}.Debug|Any CPU.ActiveCfg = Debug|Any CPU
		{39E0E7D2-122B-47EC-9C72-BA222C0A2517}.Debug|Any CPU.Build.0 = Debug|Any CPU
		{39E0E7D2-122B-47EC-9C72-BA222C0A2517}.Release|Any CPU.ActiveCfg = Release|Any CPU
		{39E0E7D2-122B-47EC-9C72-BA222C0A2517}.Release|Any CPU.Build.0 = Release|Any CPU
	EndGlobalSection
	GlobalSection(SolutionProperties) = preSolution
		HideSolutionNode = FALSE
	EndGlobalSection
	GlobalSection(ExtensibilityGlobals) = postSolution
		SolutionGuid = {77DE47E7-94C0-46DE-93BB-B2FFDE665040}
	EndGlobalSection
EndGlobal
