
Microsoft Visual Studio Solution File, Format Version 12.00
# Visual Studio Version 17
VisualStudioVersion = 17.6.33712.159
MinimumVisualStudioVersion = 10.0.40219.1
Project("{FAE04EC0-301F-11D3-BF4B-00C04F79EFBC}") = "ConsoleApp1", "ConsoleApp1.csproj", "{E0205569-FD1E-4018-B7D0-61D9C5992401}"
EndProject
Global
	GlobalSection(SolutionConfigurationPlatforms) = preSolution
		Debug|Any CPU = Debug|Any CPU
		Release|Any CPU = Release|Any CPU
	EndGlobalSection
	GlobalSection(ProjectConfigurationPlatforms) = postSolution
		{E0205569-FD1E-4018-B7D0-61D9C5992401}.Debug|Any CPU.ActiveCfg = Debug|Any CPU
		{E0205569-FD1E-4018-B7D0-61D9C5992401}.Debug|Any CPU.Build.0 = Debug|Any CPU
		{E0205569-FD1E-4018-B7D0-61D9C5992401}.Release|Any CPU.ActiveCfg = Release|Any CPU
		{E0205569-FD1E-4018-B7D0-61D9C5992401}.Release|Any CPU.Build.0 = Release|Any CPU
	EndGlobalSection
	GlobalSection(SolutionProperties) = preSolution
		HideSolutionNode = FALSE
	EndGlobalSection
	GlobalSection(ExtensibilityGlobals) = postSolution
		SolutionGuid = {E55FCC14-D333-40AC-8A60-BAB592BBD7A6}
	EndGlobalSection
EndGlobal
